
Microsoft Visual Studio Solution File, Format Version 12.00
# Visual Studio Version 17
VisualStudioVersion = 17.8.34322.80
MinimumVisualStudioVersion = 10.0.40219.1
Project("{9A19103F-16F7-4668-BE54-9A1E7A4F7556}") = "CompanyDataCollector", "CompanyDataCollector\CompanyDataCollector.csproj", "{B00C9A73-8935-422D-B70C-13D742803C93}"
EndProject
Project("{9A19103F-16F7-4668-BE54-9A1E7A4F7556}") = "CompanyDataCollector.Shared", "CompanyDataCollector.Shared\CompanyDataCollector.Shared.csproj", "{735D04AA-0336-4BAA-85AD-042F2C74D5A5}"
EndProject
Project("{9A19103F-16F7-4668-BE54-9A1E7A4F7556}") = "AngleSharpExtensions", "..\AngleSharpExtensions\AngleSharpExtensions\AngleSharpExtensions.csproj", "{47F25735-CD6B-4B95-8355-0C6C28B46B42}"
EndProject
Project("{FAE04EC0-301F-11D3-BF4B-00C04F79EFBC}") = "CompanyDataCollector.Logic", "CompanyDataCollector.Logic\CompanyDataCollector.Logic.csproj", "{3234A791-4856-498D-AE1E-3E1D936EB9D9}"
EndProject
Global
	GlobalSection(SolutionConfigurationPlatforms) = preSolution
		Debug|Any CPU = Debug|Any CPU
		Release|Any CPU = Release|Any CPU
	EndGlobalSection
	GlobalSection(ProjectConfigurationPlatforms) = postSolution
		{B00C9A73-8935-422D-B70C-13D742803C93}.Debug|Any CPU.ActiveCfg = Debug|Any CPU
		{B00C9A73-8935-422D-B70C-13D742803C93}.Debug|Any CPU.Build.0 = Debug|Any CPU
		{B00C9A73-8935-422D-B70C-13D742803C93}.Release|Any CPU.ActiveCfg = Release|Any CPU
		{B00C9A73-8935-422D-B70C-13D742803C93}.Release|Any CPU.Build.0 = Release|Any CPU
		{735D04AA-0336-4BAA-85AD-042F2C74D5A5}.Debug|Any CPU.ActiveCfg = Debug|Any CPU
		{735D04AA-0336-4BAA-85AD-042F2C74D5A5}.Debug|Any CPU.Build.0 = Debug|Any CPU
		{735D04AA-0336-4BAA-85AD-042F2C74D5A5}.Release|Any CPU.ActiveCfg = Release|Any CPU
		{735D04AA-0336-4BAA-85AD-042F2C74D5A5}.Release|Any CPU.Build.0 = Release|Any CPU
		{47F25735-CD6B-4B95-8355-0C6C28B46B42}.Debug|Any CPU.ActiveCfg = Debug|Any CPU
		{47F25735-CD6B-4B95-8355-0C6C28B46B42}.Debug|Any CPU.Build.0 = Debug|Any CPU
		{47F25735-CD6B-4B95-8355-0C6C28B46B42}.Release|Any CPU.ActiveCfg = Release|Any CPU
		{47F25735-CD6B-4B95-8355-0C6C28B46B42}.Release|Any CPU.Build.0 = Release|Any CPU
		{3234A791-4856-498D-AE1E-3E1D936EB9D9}.Debug|Any CPU.ActiveCfg = Debug|Any CPU
		{3234A791-4856-498D-AE1E-3E1D936EB9D9}.Debug|Any CPU.Build.0 = Debug|Any CPU
		{3234A791-4856-498D-AE1E-3E1D936EB9D9}.Release|Any CPU.ActiveCfg = Release|Any CPU
		{3234A791-4856-498D-AE1E-3E1D936EB9D9}.Release|Any CPU.Build.0 = Release|Any CPU
	EndGlobalSection
	GlobalSection(SolutionProperties) = preSolution
		HideSolutionNode = FALSE
	EndGlobalSection
	GlobalSection(ExtensibilityGlobals) = postSolution
		SolutionGuid = {A99305B1-E92D-46E7-917B-50B0748EE04F}
	EndGlobalSection
EndGlobal
