
Microsoft Visual Studio Solution File, Format Version 12.00
# Visual Studio Version 17
VisualStudioVersion = 17.8.34322.80
MinimumVisualStudioVersion = 10.0.40219.1
Project("{FAE04EC0-301F-11D3-BF4B-00C04F79EFBC}") = "CompanyDataCollector", "CompanyDataCollector\CompanyDataCollector.csproj", "{B00C9A73-8935-422D-B70C-13D742803C93}"
EndProject
Global
	GlobalSection(SolutionConfigurationPlatforms) = preSolution
		Debug|Any CPU = Debug|Any CPU
		Release|Any CPU = Release|Any CPU
	EndGlobalSection
	GlobalSection(ProjectConfigurationPlatforms) = postSolution
		{B00C9A73-8935-422D-B70C-13D742803C93}.Debug|Any CPU.ActiveCfg = Debug|Any CPU
		{B00C9A73-8935-422D-B70C-13D742803C93}.Debug|Any CPU.Build.0 = Debug|Any CPU
		{B00C9A73-8935-422D-B70C-13D742803C93}.Release|Any CPU.ActiveCfg = Release|Any CPU
		{B00C9A73-8935-422D-B70C-13D742803C93}.Release|Any CPU.Build.0 = Release|Any CPU
	EndGlobalSection
	GlobalSection(SolutionProperties) = preSolution
		HideSolutionNode = FALSE
	EndGlobalSection
	GlobalSection(ExtensibilityGlobals) = postSolution
		SolutionGuid = {A99305B1-E92D-46E7-917B-50B0748EE04F}
	EndGlobalSection
EndGlobal
